
Microsoft Visual Studio Solution File, Format Version 12.00
# Visual Studio 15
VisualStudioVersion = 15.0.27004.2009
MinimumVisualStudioVersion = 10.0.40219.1
Project("{FAE04EC0-301F-11D3-BF4B-00C04F79EFBC}") = "PackingDiary", "PackingDiary\PackingDiary.csproj", "{FB7FB097-8565-446A-AA5B-E845761CA973}"
EndProject
Global
	GlobalSection(SolutionConfigurationPlatforms) = preSolution
		Debug|Any CPU = Debug|Any CPU
		Release|Any CPU = Release|Any CPU
	EndGlobalSection
	GlobalSection(ProjectConfigurationPlatforms) = postSolution
		{FB7FB097-8565-446A-AA5B-E845761CA973}.Debug|Any CPU.ActiveCfg = Debug|Any CPU
		{FB7FB097-8565-446A-AA5B-E845761CA973}.Debug|Any CPU.Build.0 = Debug|Any CPU
		{FB7FB097-8565-446A-AA5B-E845761CA973}.Debug|Any CPU.Deploy.0 = Debug|Any CPU
		{FB7FB097-8565-446A-AA5B-E845761CA973}.Release|Any CPU.ActiveCfg = Release|Any CPU
		{FB7FB097-8565-446A-AA5B-E845761CA973}.Release|Any CPU.Build.0 = Release|Any CPU
		{FB7FB097-8565-446A-AA5B-E845761CA973}.Release|Any CPU.Deploy.0 = Release|Any CPU
	EndGlobalSection
	GlobalSection(SolutionProperties) = preSolution
		HideSolutionNode = FALSE
	EndGlobalSection
	GlobalSection(ExtensibilityGlobals) = postSolution
		SolutionGuid = {3F9BA6DA-C1B9-450D-8985-3FF6545348FE}
	EndGlobalSection
EndGlobal
